// !$*UTF8*$!
{
	archiveVersion = 1;
	classes = {
	};
	objectVersion = 55;
	objects = {

/* Begin PBXBuildFile section */
		1857AD860D64B53E83CA69FF /* Pods_Thesis_Scrollable_Images.framework in Frameworks */ = {isa = PBXBuildFile; fileRef = 9C944CAF6D0E89C496A85E15 /* Pods_Thesis_Scrollable_Images.framework */; };
		63D8883C27B7E19900C1B1B4 /* AppDelegate.swift in Sources */ = {isa = PBXBuildFile; fileRef = 63D8883B27B7E19900C1B1B4 /* AppDelegate.swift */; };
		63D8883E27B7E19900C1B1B4 /* SceneDelegate.swift in Sources */ = {isa = PBXBuildFile; fileRef = 63D8883D27B7E19900C1B1B4 /* SceneDelegate.swift */; };
		63D8884027B7E19900C1B1B4 /* ViewController.swift in Sources */ = {isa = PBXBuildFile; fileRef = 63D8883F27B7E19900C1B1B4 /* ViewController.swift */; };
		63D8884327B7E19900C1B1B4 /* Main.storyboard in Resources */ = {isa = PBXBuildFile; fileRef = 63D8884127B7E19900C1B1B4 /* Main.storyboard */; };
		63D8884527B7E19B00C1B1B4 /* Assets.xcassets in Resources */ = {isa = PBXBuildFile; fileRef = 63D8884427B7E19B00C1B1B4 /* Assets.xcassets */; };
		63D8884827B7E19C00C1B1B4 /* LaunchScreen.storyboard in Resources */ = {isa = PBXBuildFile; fileRef = 63D8884627B7E19C00C1B1B4 /* LaunchScreen.storyboard */; };
		63D8885027B7E29F00C1B1B4 /* Post.swift in Sources */ = {isa = PBXBuildFile; fileRef = 63D8884F27B7E29F00C1B1B4 /* Post.swift */; };
		63D8885227B7E2FF00C1B1B4 /* PostTableViewCell.swift in Sources */ = {isa = PBXBuildFile; fileRef = 63D8885127B7E2FF00C1B1B4 /* PostTableViewCell.swift */; };
		63D8885427B7E53A00C1B1B4 /* NetworkingClient.swift in Sources */ = {isa = PBXBuildFile; fileRef = 63D8885327B7E53A00C1B1B4 /* NetworkingClient.swift */; };
		63D8885627B7EDB900C1B1B4 /* UIImageViewExtension.swift in Sources */ = {isa = PBXBuildFile; fileRef = 63D8885527B7EDB900C1B1B4 /* UIImageViewExtension.swift */; };
/* End PBXBuildFile section */

/* Begin PBXFileReference section */
		63D8883827B7E19900C1B1B4 /* Thesis_Scrollable_Images.app */ = {isa = PBXFileReference; explicitFileType = wrapper.application; includeInIndex = 0; path = Thesis_Scrollable_Images.app; sourceTree = BUILT_PRODUCTS_DIR; };
		63D8883B27B7E19900C1B1B4 /* AppDelegate.swift */ = {isa = PBXFileReference; lastKnownFileType = sourcecode.swift; path = AppDelegate.swift; sourceTree = "<group>"; };
		63D8883D27B7E19900C1B1B4 /* SceneDelegate.swift */ = {isa = PBXFileReference; lastKnownFileType = sourcecode.swift; path = SceneDelegate.swift; sourceTree = "<group>"; };
		63D8883F27B7E19900C1B1B4 /* ViewController.swift */ = {isa = PBXFileReference; lastKnownFileType = sourcecode.swift; path = ViewController.swift; sourceTree = "<group>"; };
		63D8884227B7E19900C1B1B4 /* Base */ = {isa = PBXFileReference; lastKnownFileType = file.storyboard; name = Base; path = Base.lproj/Main.storyboard; sourceTree = "<group>"; };
		63D8884427B7E19B00C1B1B4 /* Assets.xcassets */ = {isa = PBXFileReference; lastKnownFileType = folder.assetcatalog; path = Assets.xcassets; sourceTree = "<group>"; };
		63D8884727B7E19C00C1B1B4 /* Base */ = {isa = PBXFileReference; lastKnownFileType = file.storyboard; name = Base; path = Base.lproj/LaunchScreen.storyboard; sourceTree = "<group>"; };
		63D8884927B7E19C00C1B1B4 /* Info.plist */ = {isa = PBXFileReference; lastKnownFileType = text.plist.xml; path = Info.plist; sourceTree = "<group>"; };
		63D8884F27B7E29F00C1B1B4 /* Post.swift */ = {isa = PBXFileReference; lastKnownFileType = sourcecode.swift; path = Post.swift; sourceTree = "<group>"; };
		63D8885127B7E2FF00C1B1B4 /* PostTableViewCell.swift */ = {isa = PBXFileReference; lastKnownFileType = sourcecode.swift; path = PostTableViewCell.swift; sourceTree = "<group>"; };
		63D8885327B7E53A00C1B1B4 /* NetworkingClient.swift */ = {isa = PBXFileReference; lastKnownFileType = sourcecode.swift; path = NetworkingClient.swift; sourceTree = "<group>"; };
		63D8885527B7EDB900C1B1B4 /* UIImageViewExtension.swift */ = {isa = PBXFileReference; lastKnownFileType = sourcecode.swift; path = UIImageViewExtension.swift; sourceTree = "<group>"; };
		9C944CAF6D0E89C496A85E15 /* Pods_Thesis_Scrollable_Images.framework */ = {isa = PBXFileReference; explicitFileType = wrapper.framework; includeInIndex = 0; path = Pods_Thesis_Scrollable_Images.framework; sourceTree = BUILT_PRODUCTS_DIR; };
		CBCDE0E1BA3975AF12852E61 /* Pods-Thesis_Scrollable_Images.release.xcconfig */ = {isa = PBXFileReference; includeInIndex = 1; lastKnownFileType = text.xcconfig; name = "Pods-Thesis_Scrollable_Images.release.xcconfig"; path = "Target Support Files/Pods-Thesis_Scrollable_Images/Pods-Thesis_Scrollable_Images.release.xcconfig"; sourceTree = "<group>"; };
		EC114B9DF24879495C0A63A6 /* Pods-Thesis_Scrollable_Images.debug.xcconfig */ = {isa = PBXFileReference; includeInIndex = 1; lastKnownFileType = text.xcconfig; name = "Pods-Thesis_Scrollable_Images.debug.xcconfig"; path = "Target Support Files/Pods-Thesis_Scrollable_Images/Pods-Thesis_Scrollable_Images.debug.xcconfig"; sourceTree = "<group>"; };
/* End PBXFileReference section */

/* Begin PBXFrameworksBuildPhase section */
		63D8883527B7E19900C1B1B4 /* Frameworks */ = {
			isa = PBXFrameworksBuildPhase;
			buildActionMask = 2147483647;
			files = (
				1857AD860D64B53E83CA69FF /* Pods_Thesis_Scrollable_Images.framework in Frameworks */,
			);
			runOnlyForDeploymentPostprocessing = 0;
		};
/* End PBXFrameworksBuildPhase section */

/* Begin PBXGroup section */
		63D8882F27B7E19900C1B1B4 = {
			isa = PBXGroup;
			children = (
				63D8883A27B7E19900C1B1B4 /* Thesis_Scrollable_Images */,
				63D8883927B7E19900C1B1B4 /* Products */,
				8389752664E2522FC1ACFA22 /* Pods */,
				741372A70F5031BD3309DE2A /* Frameworks */,
			);
			sourceTree = "<group>";
		};
		63D8883927B7E19900C1B1B4 /* Products */ = {
			isa = PBXGroup;
			children = (
				63D8883827B7E19900C1B1B4 /* Thesis_Scrollable_Images.app */,
			);
			name = Products;
			sourceTree = "<group>";
		};
		63D8883A27B7E19900C1B1B4 /* Thesis_Scrollable_Images */ = {
			isa = PBXGroup;
			children = (
				63D8883B27B7E19900C1B1B4 /* AppDelegate.swift */,
				63D8885527B7EDB900C1B1B4 /* UIImageViewExtension.swift */,
				63D8883D27B7E19900C1B1B4 /* SceneDelegate.swift */,
				63D8883F27B7E19900C1B1B4 /* ViewController.swift */,
				63D8885127B7E2FF00C1B1B4 /* PostTableViewCell.swift */,
				63D8884F27B7E29F00C1B1B4 /* Post.swift */,
				63D8884127B7E19900C1B1B4 /* Main.storyboard */,
				63D8884427B7E19B00C1B1B4 /* Assets.xcassets */,
				63D8884627B7E19C00C1B1B4 /* LaunchScreen.storyboard */,
				63D8884927B7E19C00C1B1B4 /* Info.plist */,
				63D8885327B7E53A00C1B1B4 /* NetworkingClient.swift */,
			);
			path = Thesis_Scrollable_Images;
			sourceTree = "<group>";
		};
		741372A70F5031BD3309DE2A /* Frameworks */ = {
			isa = PBXGroup;
			children = (
				9C944CAF6D0E89C496A85E15 /* Pods_Thesis_Scrollable_Images.framework */,
			);
			name = Frameworks;
			sourceTree = "<group>";
		};
		8389752664E2522FC1ACFA22 /* Pods */ = {
			isa = PBXGroup;
			children = (
				EC114B9DF24879495C0A63A6 /* Pods-Thesis_Scrollable_Images.debug.xcconfig */,
				CBCDE0E1BA3975AF12852E61 /* Pods-Thesis_Scrollable_Images.release.xcconfig */,
			);
			path = Pods;
			sourceTree = "<group>";
		};
/* End PBXGroup section */

/* Begin PBXNativeTarget section */
		63D8883727B7E19900C1B1B4 /* Thesis_Scrollable_Images */ = {
			isa = PBXNativeTarget;
			buildConfigurationList = 63D8884C27B7E19C00C1B1B4 /* Build configuration list for PBXNativeTarget "Thesis_Scrollable_Images" */;
			buildPhases = (
				639CD67EDE93DDF45FDA67AA /* [CP] Check Pods Manifest.lock */,
				63D8883427B7E19900C1B1B4 /* Sources */,
				63D8883527B7E19900C1B1B4 /* Frameworks */,
				63D8883627B7E19900C1B1B4 /* Resources */,
				844CDB0D1C1F15D8ABDF2631 /* [CP] Embed Pods Frameworks */,
			);
			buildRules = (
			);
			dependencies = (
			);
			name = Thesis_Scrollable_Images;
			productName = Thesis_Scrollable_Images;
			productReference = 63D8883827B7E19900C1B1B4 /* Thesis_Scrollable_Images.app */;
			productType = "com.apple.product-type.application";
		};
/* End PBXNativeTarget section */

/* Begin PBXProject section */
		63D8883027B7E19900C1B1B4 /* Project object */ = {
			isa = PBXProject;
			attributes = {
				BuildIndependentTargetsInParallel = 1;
				LastSwiftUpdateCheck = 1320;
				LastUpgradeCheck = 1320;
				TargetAttributes = {
					63D8883727B7E19900C1B1B4 = {
						CreatedOnToolsVersion = 13.2.1;
					};
				};
			};
			buildConfigurationList = 63D8883327B7E19900C1B1B4 /* Build configuration list for PBXProject "Thesis_Scrollable_Images" */;
			compatibilityVersion = "Xcode 13.0";
			developmentRegion = en;
			hasScannedForEncodings = 0;
			knownRegions = (
				en,
				Base,
			);
			mainGroup = 63D8882F27B7E19900C1B1B4;
			productRefGroup = 63D8883927B7E19900C1B1B4 /* Products */;
			projectDirPath = "";
			projectRoot = "";
			targets = (
				63D8883727B7E19900C1B1B4 /* Thesis_Scrollable_Images */,
			);
		};
/* End PBXProject section */

/* Begin PBXResourcesBuildPhase section */
		63D8883627B7E19900C1B1B4 /* Resources */ = {
			isa = PBXResourcesBuildPhase;
			buildActionMask = 2147483647;
			files = (
				63D8884827B7E19C00C1B1B4 /* LaunchScreen.storyboard in Resources */,
				63D8884527B7E19B00C1B1B4 /* Assets.xcassets in Resources */,
				63D8884327B7E19900C1B1B4 /* Main.storyboard in Resources */,
			);
			runOnlyForDeploymentPostprocessing = 0;
		};
/* End PBXResourcesBuildPhase section */

/* Begin PBXShellScriptBuildPhase section */
		639CD67EDE93DDF45FDA67AA /* [CP] Check Pods Manifest.lock */ = {
			isa = PBXShellScriptBuildPhase;
			buildActionMask = 2147483647;
			files = (
			);
			inputFileListPaths = (
			);
			inputPaths = (
				"${PODS_PODFILE_DIR_PATH}/Podfile.lock",
				"${PODS_ROOT}/Manifest.lock",
			);
			name = "[CP] Check Pods Manifest.lock";
			outputFileListPaths = (
			);
			outputPaths = (
				"$(DERIVED_FILE_DIR)/Pods-Thesis_Scrollable_Images-checkManifestLockResult.txt",
			);
			runOnlyForDeploymentPostprocessing = 0;
			shellPath = /bin/sh;
			shellScript = "diff \"${PODS_PODFILE_DIR_PATH}/Podfile.lock\" \"${PODS_ROOT}/Manifest.lock\" > /dev/null\nif [ $? != 0 ] ; then\n    # print error to STDERR\n    echo \"error: The sandbox is not in sync with the Podfile.lock. Run 'pod install' or update your CocoaPods installation.\" >&2\n    exit 1\nfi\n# This output is used by Xcode 'outputs' to avoid re-running this script phase.\necho \"SUCCESS\" > \"${SCRIPT_OUTPUT_FILE_0}\"\n";
			showEnvVarsInLog = 0;
		};
		844CDB0D1C1F15D8ABDF2631 /* [CP] Embed Pods Frameworks */ = {
			isa = PBXShellScriptBuildPhase;
			buildActionMask = 2147483647;
			files = (
			);
			inputFileListPaths = (
				"${PODS_ROOT}/Target Support Files/Pods-Thesis_Scrollable_Images/Pods-Thesis_Scrollable_Images-frameworks-${CONFIGURATION}-input-files.xcfilelist",
			);
			name = "[CP] Embed Pods Frameworks";
			outputFileListPaths = (
				"${PODS_ROOT}/Target Support Files/Pods-Thesis_Scrollable_Images/Pods-Thesis_Scrollable_Images-frameworks-${CONFIGURATION}-output-files.xcfilelist",
			);
			runOnlyForDeploymentPostprocessing = 0;
			shellPath = /bin/sh;
			shellScript = "\"${PODS_ROOT}/Target Support Files/Pods-Thesis_Scrollable_Images/Pods-Thesis_Scrollable_Images-frameworks.sh\"\n";
			showEnvVarsInLog = 0;
		};
/* End PBXShellScriptBuildPhase section */

/* Begin PBXSourcesBuildPhase section */
		63D8883427B7E19900C1B1B4 /* Sources */ = {
			isa = PBXSourcesBuildPhase;
			buildActionMask = 2147483647;
			files = (
				63D8884027B7E19900C1B1B4 /* ViewController.swift in Sources */,
				63D8885627B7EDB900C1B1B4 /* UIImageViewExtension.swift in Sources */,
				63D8883C27B7E19900C1B1B4 /* AppDelegate.swift in Sources */,
				63D8885427B7E53A00C1B1B4 /* NetworkingClient.swift in Sources */,
				63D8885227B7E2FF00C1B1B4 /* PostTableViewCell.swift in Sources */,
				63D8883E27B7E19900C1B1B4 /* SceneDelegate.swift in Sources */,
				63D8885027B7E29F00C1B1B4 /* Post.swift in Sources */,
			);
			runOnlyForDeploymentPostprocessing = 0;
		};
/* End PBXSourcesBuildPhase section */

/* Begin PBXVariantGroup section */
		63D8884127B7E19900C1B1B4 /* Main.storyboard */ = {
			isa = PBXVariantGroup;
			children = (
				63D8884227B7E19900C1B1B4 /* Base */,
			);
			name = Main.storyboard;
			sourceTree = "<group>";
		};
		63D8884627B7E19C00C1B1B4 /* LaunchScreen.storyboard */ = {
			isa = PBXVariantGroup;
			children = (
				63D8884727B7E19C00C1B1B4 /* Base */,
			);
			name = LaunchScreen.storyboard;
			sourceTree = "<group>";
		};
/* End PBXVariantGroup section */

/* Begin XCBuildConfiguration section */
		63D8884A27B7E19C00C1B1B4 /* Debug */ = {
			isa = XCBuildConfiguration;
			buildSettings = {
				ALWAYS_SEARCH_USER_PATHS = NO;
				CLANG_ANALYZER_NONNULL = YES;
				CLANG_ANALYZER_NUMBER_OBJECT_CONVERSION = YES_AGGRESSIVE;
				CLANG_CXX_LANGUAGE_STANDARD = "gnu++17";
				CLANG_CXX_LIBRARY = "libc++";
				CLANG_ENABLE_MODULES = YES;
				CLANG_ENABLE_OBJC_ARC = YES;
				CLANG_ENABLE_OBJC_WEAK = YES;
				CLANG_WARN_BLOCK_CAPTURE_AUTORELEASING = YES;
				CLANG_WARN_BOOL_CONVERSION = YES;
				CLANG_WARN_COMMA = YES;
				CLANG_WARN_CONSTANT_CONVERSION = YES;
				CLANG_WARN_DEPRECATED_OBJC_IMPLEMENTATIONS = YES;
				CLANG_WARN_DIRECT_OBJC_ISA_USAGE = YES_ERROR;
				CLANG_WARN_DOCUMENTATION_COMMENTS = YES;
				CLANG_WARN_EMPTY_BODY = YES;
				CLANG_WARN_ENUM_CONVERSION = YES;
				CLANG_WARN_INFINITE_RECURSION = YES;
				CLANG_WARN_INT_CONVERSION = YES;
				CLANG_WARN_NON_LITERAL_NULL_CONVERSION = YES;
				CLANG_WARN_OBJC_IMPLICIT_RETAIN_SELF = YES;
				CLANG_WARN_OBJC_LITERAL_CONVERSION = YES;
				CLANG_WARN_OBJC_ROOT_CLASS = YES_ERROR;
				CLANG_WARN_QUOTED_INCLUDE_IN_FRAMEWORK_HEADER = YES;
				CLANG_WARN_RANGE_LOOP_ANALYSIS = YES;
				CLANG_WARN_STRICT_PROTOTYPES = YES;
				CLANG_WARN_SUSPICIOUS_MOVE = YES;
				CLANG_WARN_UNGUARDED_AVAILABILITY = YES_AGGRESSIVE;
				CLANG_WARN_UNREACHABLE_CODE = YES;
				CLANG_WARN__DUPLICATE_METHOD_MATCH = YES;
				COPY_PHASE_STRIP = NO;
				DEBUG_INFORMATION_FORMAT = dwarf;
				ENABLE_STRICT_OBJC_MSGSEND = YES;
				ENABLE_TESTABILITY = YES;
				GCC_C_LANGUAGE_STANDARD = gnu11;
				GCC_DYNAMIC_NO_PIC = NO;
				GCC_NO_COMMON_BLOCKS = YES;
				GCC_OPTIMIZATION_LEVEL = 0;
				GCC_PREPROCESSOR_DEFINITIONS = (
					"DEBUG=1",
					"$(inherited)",
				);
				GCC_WARN_64_TO_32_BIT_CONVERSION = YES;
				GCC_WARN_ABOUT_RETURN_TYPE = YES_ERROR;
				GCC_WARN_UNDECLARED_SELECTOR = YES;
				GCC_WARN_UNINITIALIZED_AUTOS = YES_AGGRESSIVE;
				GCC_WARN_UNUSED_FUNCTION = YES;
				GCC_WARN_UNUSED_VARIABLE = YES;
				IPHONEOS_DEPLOYMENT_TARGET = 15.2;
				MTL_ENABLE_DEBUG_INFO = INCLUDE_SOURCE;
				MTL_FAST_MATH = YES;
				ONLY_ACTIVE_ARCH = YES;
				SDKROOT = iphoneos;
				SWIFT_ACTIVE_COMPILATION_CONDITIONS = DEBUG;
				SWIFT_OPTIMIZATION_LEVEL = "-Onone";
			};
			name = Debug;
		};
		63D8884B27B7E19C00C1B1B4 /* Release */ = {
			isa = XCBuildConfiguration;
			buildSettings = {
				ALWAYS_SEARCH_USER_PATHS = NO;
				CLANG_ANALYZER_NONNULL = YES;
				CLANG_ANALYZER_NUMBER_OBJECT_CONVERSION = YES_AGGRESSIVE;
				CLANG_CXX_LANGUAGE_STANDARD = "gnu++17";
				CLANG_CXX_LIBRARY = "libc++";
				CLANG_ENABLE_MODULES = YES;
				CLANG_ENABLE_OBJC_ARC = YES;
				CLANG_ENABLE_OBJC_WEAK = YES;
				CLANG_WARN_BLOCK_CAPTURE_AUTORELEASING = YES;
				CLANG_WARN_BOOL_CONVERSION = YES;
				CLANG_WARN_COMMA = YES;
				CLANG_WARN_CONSTANT_CONVERSION = YES;
				CLANG_WARN_DEPRECATED_OBJC_IMPLEMENTATIONS = YES;
				CLANG_WARN_DIRECT_OBJC_ISA_USAGE = YES_ERROR;
				CLANG_WARN_DOCUMENTATION_COMMENTS = YES;
				CLANG_WARN_EMPTY_BODY = YES;
				CLANG_WARN_ENUM_CONVERSION = YES;
				CLANG_WARN_INFINITE_RECURSION = YES;
				CLANG_WARN_INT_CONVERSION = YES;
				CLANG_WARN_NON_LITERAL_NULL_CONVERSION = YES;
				CLANG_WARN_OBJC_IMPLICIT_RETAIN_SELF = YES;
				CLANG_WARN_OBJC_LITERAL_CONVERSION = YES;
				CLANG_WARN_OBJC_ROOT_CLASS = YES_ERROR;
				CLANG_WARN_QUOTED_INCLUDE_IN_FRAMEWORK_HEADER = YES;
				CLANG_WARN_RANGE_LOOP_ANALYSIS = YES;
				CLANG_WARN_STRICT_PROTOTYPES = YES;
				CLANG_WARN_SUSPICIOUS_MOVE = YES;
				CLANG_WARN_UNGUARDED_AVAILABILITY = YES_AGGRESSIVE;
				CLANG_WARN_UNREACHABLE_CODE = YES;
				CLANG_WARN__DUPLICATE_METHOD_MATCH = YES;
				COPY_PHASE_STRIP = NO;
				DEBUG_INFORMATION_FORMAT = "dwarf-with-dsym";
				ENABLE_NS_ASSERTIONS = NO;
				ENABLE_STRICT_OBJC_MSGSEND = YES;
				GCC_C_LANGUAGE_STANDARD = gnu11;
				GCC_NO_COMMON_BLOCKS = YES;
				GCC_WARN_64_TO_32_BIT_CONVERSION = YES;
				GCC_WARN_ABOUT_RETURN_TYPE = YES_ERROR;
				GCC_WARN_UNDECLARED_SELECTOR = YES;
				GCC_WARN_UNINITIALIZED_AUTOS = YES_AGGRESSIVE;
				GCC_WARN_UNUSED_FUNCTION = YES;
				GCC_WARN_UNUSED_VARIABLE = YES;
				IPHONEOS_DEPLOYMENT_TARGET = 15.2;
				MTL_ENABLE_DEBUG_INFO = NO;
				MTL_FAST_MATH = YES;
				SDKROOT = iphoneos;
				SWIFT_COMPILATION_MODE = wholemodule;
				SWIFT_OPTIMIZATION_LEVEL = "-O";
				VALIDATE_PRODUCT = YES;
			};
			name = Release;
		};
		63D8884D27B7E19C00C1B1B4 /* Debug */ = {
			isa = XCBuildConfiguration;
			baseConfigurationReference = EC114B9DF24879495C0A63A6 /* Pods-Thesis_Scrollable_Images.debug.xcconfig */;
			buildSettings = {
				ASSETCATALOG_COMPILER_APPICON_NAME = AppIcon;
				ASSETCATALOG_COMPILER_GLOBAL_ACCENT_COLOR_NAME = AccentColor;
				CODE_SIGN_STYLE = Automatic;
				CURRENT_PROJECT_VERSION = 1;
				DEVELOPMENT_TEAM = BH7ATPEKS6;
				GENERATE_INFOPLIST_FILE = YES;
				INFOPLIST_FILE = Thesis_Scrollable_Images/Info.plist;
				INFOPLIST_KEY_UIApplicationSupportsIndirectInputEvents = YES;
				INFOPLIST_KEY_UILaunchStoryboardName = LaunchScreen;
				INFOPLIST_KEY_UIMainStoryboardFile = Main;
				INFOPLIST_KEY_UISupportedInterfaceOrientations_iPad = "UIInterfaceOrientationPortrait UIInterfaceOrientationPortraitUpsideDown UIInterfaceOrientationLandscapeLeft UIInterfaceOrientationLandscapeRight";
				INFOPLIST_KEY_UISupportedInterfaceOrientations_iPhone = "UIInterfaceOrientationPortrait UIInterfaceOrientationLandscapeLeft UIInterfaceOrientationLandscapeRight";
				LD_RUNPATH_SEARCH_PATHS = (
					"$(inherited)",
					"@executable_path/Frameworks",
				);
				MARKETING_VERSION = 1.0;
				PRODUCT_BUNDLE_IDENTIFIER = "com.tikitakamobile.Thesis-Scrollable-Images";
				PRODUCT_NAME = "$(TARGET_NAME)";
				SWIFT_EMIT_LOC_STRINGS = YES;
				SWIFT_VERSION = 5.0;
				TARGETED_DEVICE_FAMILY = "1,2";
			};
			name = Debug;
		};
		63D8884E27B7E19C00C1B1B4 /* Release */ = {
			isa = XCBuildConfiguration;
			baseConfigurationReference = CBCDE0E1BA3975AF12852E61 /* Pods-Thesis_Scrollable_Images.release.xcconfig */;
			buildSettings = {
				ASSETCATALOG_COMPILER_APPICON_NAME = AppIcon;
				ASSETCATALOG_COMPILER_GLOBAL_ACCENT_COLOR_NAME = AccentColor;
				CODE_SIGN_STYLE = Automatic;
				CURRENT_PROJECT_VERSION = 1;
				DEVELOPMENT_TEAM = BH7ATPEKS6;
				GENERATE_INFOPLIST_FILE = YES;
				INFOPLIST_FILE = Thesis_Scrollable_Images/Info.plist;
				INFOPLIST_KEY_UIApplicationSupportsIndirectInputEvents = YES;
				INFOPLIST_KEY_UILaunchStoryboardName = LaunchScreen;
				INFOPLIST_KEY_UIMainStoryboardFile = Main;
				INFOPLIST_KEY_UISupportedInterfaceOrientations_iPad = "UIInterfaceOrientationPortrait UIInterfaceOrientationPortraitUpsideDown UIInterfaceOrientationLandscapeLeft UIInterfaceOrientationLandscapeRight";
				INFOPLIST_KEY_UISupportedInterfaceOrientations_iPhone = "UIInterfaceOrientationPortrait UIInterfaceOrientationLandscapeLeft UIInterfaceOrientationLandscapeRight";
				LD_RUNPATH_SEARCH_PATHS = (
					"$(inherited)",
					"@executable_path/Frameworks",
				);
				MARKETING_VERSION = 1.0;
				PRODUCT_BUNDLE_IDENTIFIER = "com.tikitakamobile.Thesis-Scrollable-Images";
				PRODUCT_NAME = "$(TARGET_NAME)";
				SWIFT_EMIT_LOC_STRINGS = YES;
				SWIFT_VERSION = 5.0;
				TARGETED_DEVICE_FAMILY = "1,2";
			};
			name = Release;
		};
/* End XCBuildConfiguration section */

/* Begin XCConfigurationList section */
		63D8883327B7E19900C1B1B4 /* Build configuration list for PBXProject "Thesis_Scrollable_Images" */ = {
			isa = XCConfigurationList;
			buildConfigurations = (
				63D8884A27B7E19C00C1B1B4 /* Debug */,
				63D8884B27B7E19C00C1B1B4 /* Release */,
			);
			defaultConfigurationIsVisible = 0;
			defaultConfigurationName = Release;
		};
		63D8884C27B7E19C00C1B1B4 /* Build configuration list for PBXNativeTarget "Thesis_Scrollable_Images" */ = {
			isa = XCConfigurationList;
			buildConfigurations = (
				63D8884D27B7E19C00C1B1B4 /* Debug */,
				63D8884E27B7E19C00C1B1B4 /* Release */,
			);
			defaultConfigurationIsVisible = 0;
			defaultConfigurationName = Release;
		};
/* End XCConfigurationList section */
	};
	rootObject = 63D8883027B7E19900C1B1B4 /* Project object */;
}
